
Microsoft Visual Studio Solution File, Format Version 12.00
# Visual Studio 15
VisualStudioVersion = 15.0.27703.2035
MinimumVisualStudioVersion = 10.0.40219.1
Project("{FAE04EC0-301F-11D3-BF4B-00C04F79EFBC}") = "SpeechToTextAZUREMdavid", "ConsoleApp1\SpeechToTextAZUREMdavid.csproj", "{564EEA63-E48C-4245-9F2E-4F45B52678CC}"
EndProject
Global
	GlobalSection(SolutionConfigurationPlatforms) = preSolution
		Debug|Any CPU = Debug|Any CPU
		Release|Any CPU = Release|Any CPU
	EndGlobalSection
	GlobalSection(ProjectConfigurationPlatforms) = postSolution
		{564EEA63-E48C-4245-9F2E-4F45B52678CC}.Debug|Any CPU.ActiveCfg = Debug|Any CPU
		{564EEA63-E48C-4245-9F2E-4F45B52678CC}.Debug|Any CPU.Build.0 = Debug|Any CPU
		{564EEA63-E48C-4245-9F2E-4F45B52678CC}.Release|Any CPU.ActiveCfg = Release|Any CPU
		{564EEA63-E48C-4245-9F2E-4F45B52678CC}.Release|Any CPU.Build.0 = Release|Any CPU
	EndGlobalSection
	GlobalSection(SolutionProperties) = preSolution
		HideSolutionNode = FALSE
	EndGlobalSection
	GlobalSection(ExtensibilityGlobals) = postSolution
		SolutionGuid = {8C0E9881-E869-49B1-A82D-D87129FDC4AE}
	EndGlobalSection
EndGlobal
